
Microsoft Visual Studio Solution File, Format Version 12.00
# Visual Studio Version 16
VisualStudioVersion = 16.0.809.2
MinimumVisualStudioVersion = 10.0.40219.1
Project("{FAE04EC0-301F-11D3-BF4B-00C04F79EFBC}") = "AutomaticStockTrading", "AutomaticStockTrading.csproj", "{0562D5F7-C7FA-4BDB-8564-8EB168A7CC43}"
EndProject
Global
	GlobalSection(SolutionConfigurationPlatforms) = preSolution
		Debug|Any CPU = Debug|Any CPU
		Release|Any CPU = Release|Any CPU
	EndGlobalSection
	GlobalSection(ProjectConfigurationPlatforms) = postSolution
		{0562D5F7-C7FA-4BDB-8564-8EB168A7CC43}.Debug|Any CPU.ActiveCfg = Debug|Any CPU
		{0562D5F7-C7FA-4BDB-8564-8EB168A7CC43}.Debug|Any CPU.Build.0 = Debug|Any CPU
		{0562D5F7-C7FA-4BDB-8564-8EB168A7CC43}.Release|Any CPU.ActiveCfg = Release|Any CPU
		{0562D5F7-C7FA-4BDB-8564-8EB168A7CC43}.Release|Any CPU.Build.0 = Release|Any CPU
	EndGlobalSection
	GlobalSection(SolutionProperties) = preSolution
		HideSolutionNode = FALSE
	EndGlobalSection
	GlobalSection(ExtensibilityGlobals) = postSolution
		SolutionGuid = {E19C0721-1359-42E0-A49C-B0C01EBC1983}
	EndGlobalSection
EndGlobal
